PODS:
  - Alamofire (4.8.1)
  - AudioKit (4.5.4):
    - AudioKit/Core (= 4.5.4)
    - AudioKit/UI (= 4.5.4)
  - AudioKit/Core (4.5.4)
  - AudioKit/UI (4.5.4):
    - AudioKit/Core
  - EVReflection/Alamofire (5.10.0):
    - Alamofire
    - EVReflection/Core
  - EVReflection/Core (5.10.0)
  - Fabric (1.9.0)
  - GoogleSignIn (4.4.0):
    - "GoogleToolboxForMac/NSDictionary+URLArguments (~> 2.1)"
    - "GoogleToolboxForMac/NSString+URLArguments (~> 2.1)"
    - GTMSessionFetcher/Core (~> 1.1)
  - GoogleToolboxForMac/DebugUtils (2.2.0):
    - GoogleToolboxForMac/Defines (= 2.2.0)
  - GoogleToolboxForMac/Defines (2.2.0)
  - "GoogleToolboxForMac/NSDictionary+URLArguments (2.2.0)":
    - GoogleToolboxForMac/DebugUtils (= 2.2.0)
    - GoogleToolboxForMac/Defines (= 2.2.0)
    - "GoogleToolboxForMac/NSString+URLArguments (= 2.2.0)"
  - "GoogleToolboxForMac/NSString+URLArguments (2.2.0)"
  - GTMSessionFetcher/Core (1.2.1)
  - lottie-ios (2.5.2)
  - OneSignal (2.8.6)
  - SDWebImage (4.4.5):
    - SDWebImage/Core (= 4.4.5)
  - SDWebImage/Core (4.4.5)

DEPENDENCIES:
  - Alamofire (~> 4.8)
  - AudioKit
  - EVReflection/Alamofire
  - Fabric
  - GoogleSignIn
  - lottie-ios
  - OneSignal (< 3.0, >= 2.6.2)
  - SDWebImage (~> 4.0)

SPEC REPOS:
  https://github.com/cocoapods/specs.git:
    - Alamofire
    - AudioKit
    - EVReflection
    - Fabric
    - GoogleSignIn
    - GoogleToolboxForMac
    - GTMSessionFetcher
    - lottie-ios
    - OneSignal
    - SDWebImage

SPEC CHECKSUMS:
  Alamofire: 16ce2c353fb72865124ddae8a57c5942388f4f11
  AudioKit: af3f5b73e22f85f3cd03076fea8afbb9658f0938
  EVReflection: 1abc1a81927ab0d30170238cf9b79bff489e9728
  Fabric: f988e33c97f08930a413e08123064d2e5f68d655
  GoogleSignIn: 7ff245e1a7b26d379099d3243a562f5747e23d39
  GoogleToolboxForMac: ff31605b7d66400dcec09bed5861689aebadda4d
  GTMSessionFetcher: 32aeca0aa144acea523e1c8e053089dec2cb98ca
  lottie-ios: 3fef45d3fabe63e3c7c2eb603dd64ddfffc73062
  OneSignal: 0173a4e48c620089e4a1aba44c82d4148547d812
  SDWebImage: ecc03494e973b93b80213649d32175f8d2d17d4d

PODFILE CHECKSUM: 3505cde010264d2a119362f8f22ad2b960b0073d

COCOAPODS: 1.6.1
